
Microsoft Visual Studio Solution File, Format Version 12.00
# Visual Studio Version 17
VisualStudioVersion = 17.0.32014.148
MinimumVisualStudioVersion = 10.0.40219.1
Project("{2150E333-8FDC-42A3-9474-1A3956D46DE8}") = "Hosting", "Hosting", "{E1E3B4C2-9B7B-4ADF-9F88-ABBAFA8B421B}"
EndProject
Project("{2150E333-8FDC-42A3-9474-1A3956D46DE8}") = "src", "src", "{6B63BC31-398E-451B-AAF9-693ECAADF404}"
EndProject
Project("{9A19103F-16F7-4668-BE54-9A1E7A4F7556}") = "BudgettingClient", "src\Hosting\BudgettingClient\BudgettingClient.csproj", "{13ECF2CC-DE40-40A1-98B9-9C98EA5E8D91}"
EndProject
Project("{9A19103F-16F7-4668-BE54-9A1E7A4F7556}") = "BudgettingCore", "src\Hosting\BudgettingCore\BudgettingCore.csproj", "{D999DF81-4226-48DC-A861-65924620EFFB}"
EndProject
Project("{9A19103F-16F7-4668-BE54-9A1E7A4F7556}") = "IdentityServer", "src\Hosting\IdentityServer\IdentityServer.csproj", "{596D60EE-143A-4238-82B0-340B43A45D08}"
EndProject
Project("{9A19103F-16F7-4668-BE54-9A1E7A4F7556}") = "Budgetting.Infrastructure", "src\BudgettingInfrastructure\Budgetting.Infrastructure.csproj", "{AB0D3D61-A015-465F-A0E8-A79578B43D56}"
EndProject
Project("{9A19103F-16F7-4668-BE54-9A1E7A4F7556}") = "Budgetting.Persistence", "src\BudgettingPersistence\Budgetting.Persistence.csproj", "{4F5CEE26-B63E-4DA2-934E-E495CD5E4B28}"
EndProject
Project("{9A19103F-16F7-4668-BE54-9A1E7A4F7556}") = "Client", "src\Client\Client.csproj", "{93ADB87C-4552-4CAF-A0AB-502448AE0BAB}"
EndProject
Project("{2150E333-8FDC-42A3-9474-1A3956D46DE8}") = "Solution Items", "Solution Items", "{7EE25D0F-500F-4F8E-8E50-6E4D7C2FAD27}"
	ProjectSection(SolutionItems) = preProject
		.editorconfig = .editorconfig
	EndProjectSection
EndProject
Project("{9A19103F-16F7-4668-BE54-9A1E7A4F7556}") = "Budgetting.Services", "src\Services\Budgetting.Services.csproj", "{D2CE56BE-99B5-4FB9-B06E-6DC53AF8121D}"
EndProject
Project("{9A19103F-16F7-4668-BE54-9A1E7A4F7556}") = "Budgetting.Implementations", "src\Implementations\Budgetting.Implementations.csproj", "{C25A0D0C-C868-4634-B974-F6180A594B27}"
EndProject
Project("{2150E333-8FDC-42A3-9474-1A3956D46DE8}") = "Domain", "Domain", "{16F68760-C997-4E9F-9168-7725B70F7081}"
EndProject
Project("{9A19103F-16F7-4668-BE54-9A1E7A4F7556}") = "Budgetting.Domain", "src\Domain\BudgettingDomain\Budgetting.Domain.csproj", "{052C271D-1446-40AF-ADC8-7462A8A2D558}"
EndProject
Project("{9A19103F-16F7-4668-BE54-9A1E7A4F7556}") = "Budgetting.Domain.Models", "src\Domain\Domain.Models\Budgetting.Domain.Models.csproj", "{73FFF97D-BE24-4982-9440-3E89D9BF2398}"
EndProject
Project("{2150E333-8FDC-42A3-9474-1A3956D46DE8}") = "Helpers", "Helpers", "{63757D0C-BCAC-48EF-BFCA-54F2AC5DA901}"
EndProject
Project("{9A19103F-16F7-4668-BE54-9A1E7A4F7556}") = "Budgetting.Api.Helpers", "src\Helpers\Budgetting.Api.Helpers\Budgetting.Api.Helpers.csproj", "{1FC9DC2B-AC1E-415B-AC50-B05B2EB1CF09}"
EndProject
Project("{FAE04EC0-301F-11D3-BF4B-00C04F79EFBC}") = "TestProject", "src\TestProject\TestProject.csproj", "{68F0F678-EFAF-4A3D-94CD-6DA5B6CCBC5C}"
EndProject
Global
	GlobalSection(SolutionConfigurationPlatforms) = preSolution
		Debug|Any CPU = Debug|Any CPU
		Release|Any CPU = Release|Any CPU
	EndGlobalSection
	GlobalSection(ProjectConfigurationPlatforms) = postSolution
		{13ECF2CC-DE40-40A1-98B9-9C98EA5E8D91}.Debug|Any CPU.ActiveCfg = Debug|Any CPU
		{13ECF2CC-DE40-40A1-98B9-9C98EA5E8D91}.Debug|Any CPU.Build.0 = Debug|Any CPU
		{13ECF2CC-DE40-40A1-98B9-9C98EA5E8D91}.Release|Any CPU.ActiveCfg = Release|Any CPU
		{13ECF2CC-DE40-40A1-98B9-9C98EA5E8D91}.Release|Any CPU.Build.0 = Release|Any CPU
		{D999DF81-4226-48DC-A861-65924620EFFB}.Debug|Any CPU.ActiveCfg = Debug|Any CPU
		{D999DF81-4226-48DC-A861-65924620EFFB}.Debug|Any CPU.Build.0 = Debug|Any CPU
		{D999DF81-4226-48DC-A861-65924620EFFB}.Release|Any CPU.ActiveCfg = Release|Any CPU
		{D999DF81-4226-48DC-A861-65924620EFFB}.Release|Any CPU.Build.0 = Release|Any CPU
		{596D60EE-143A-4238-82B0-340B43A45D08}.Debug|Any CPU.ActiveCfg = Debug|Any CPU
		{596D60EE-143A-4238-82B0-340B43A45D08}.Debug|Any CPU.Build.0 = Debug|Any CPU
		{596D60EE-143A-4238-82B0-340B43A45D08}.Release|Any CPU.ActiveCfg = Release|Any CPU
		{596D60EE-143A-4238-82B0-340B43A45D08}.Release|Any CPU.Build.0 = Release|Any CPU
		{AB0D3D61-A015-465F-A0E8-A79578B43D56}.Debug|Any CPU.ActiveCfg = Debug|Any CPU
		{AB0D3D61-A015-465F-A0E8-A79578B43D56}.Debug|Any CPU.Build.0 = Debug|Any CPU
		{AB0D3D61-A015-465F-A0E8-A79578B43D56}.Release|Any CPU.ActiveCfg = Release|Any CPU
		{AB0D3D61-A015-465F-A0E8-A79578B43D56}.Release|Any CPU.Build.0 = Release|Any CPU
		{4F5CEE26-B63E-4DA2-934E-E495CD5E4B28}.Debug|Any CPU.ActiveCfg = Debug|Any CPU
		{4F5CEE26-B63E-4DA2-934E-E495CD5E4B28}.Debug|Any CPU.Build.0 = Debug|Any CPU
		{4F5CEE26-B63E-4DA2-934E-E495CD5E4B28}.Release|Any CPU.ActiveCfg = Release|Any CPU
		{4F5CEE26-B63E-4DA2-934E-E495CD5E4B28}.Release|Any CPU.Build.0 = Release|Any CPU
		{93ADB87C-4552-4CAF-A0AB-502448AE0BAB}.Debug|Any CPU.ActiveCfg = Debug|Any CPU
		{93ADB87C-4552-4CAF-A0AB-502448AE0BAB}.Debug|Any CPU.Build.0 = Debug|Any CPU
		{93ADB87C-4552-4CAF-A0AB-502448AE0BAB}.Release|Any CPU.ActiveCfg = Release|Any CPU
		{93ADB87C-4552-4CAF-A0AB-502448AE0BAB}.Release|Any CPU.Build.0 = Release|Any CPU
		{D2CE56BE-99B5-4FB9-B06E-6DC53AF8121D}.Debug|Any CPU.ActiveCfg = Debug|Any CPU
		{D2CE56BE-99B5-4FB9-B06E-6DC53AF8121D}.Debug|Any CPU.Build.0 = Debug|Any CPU
		{D2CE56BE-99B5-4FB9-B06E-6DC53AF8121D}.Release|Any CPU.ActiveCfg = Release|Any CPU
		{D2CE56BE-99B5-4FB9-B06E-6DC53AF8121D}.Release|Any CPU.Build.0 = Release|Any CPU
		{C25A0D0C-C868-4634-B974-F6180A594B27}.Debug|Any CPU.ActiveCfg = Debug|Any CPU
		{C25A0D0C-C868-4634-B974-F6180A594B27}.Debug|Any CPU.Build.0 = Debug|Any CPU
		{C25A0D0C-C868-4634-B974-F6180A594B27}.Release|Any CPU.ActiveCfg = Release|Any CPU
		{C25A0D0C-C868-4634-B974-F6180A594B27}.Release|Any CPU.Build.0 = Release|Any CPU
		{052C271D-1446-40AF-ADC8-7462A8A2D558}.Debug|Any CPU.ActiveCfg = Debug|Any CPU
		{052C271D-1446-40AF-ADC8-7462A8A2D558}.Debug|Any CPU.Build.0 = Debug|Any CPU
		{052C271D-1446-40AF-ADC8-7462A8A2D558}.Release|Any CPU.ActiveCfg = Release|Any CPU
		{052C271D-1446-40AF-ADC8-7462A8A2D558}.Release|Any CPU.Build.0 = Release|Any CPU
		{73FFF97D-BE24-4982-9440-3E89D9BF2398}.Debug|Any CPU.ActiveCfg = Debug|Any CPU
		{73FFF97D-BE24-4982-9440-3E89D9BF2398}.Debug|Any CPU.Build.0 = Debug|Any CPU
		{73FFF97D-BE24-4982-9440-3E89D9BF2398}.Release|Any CPU.ActiveCfg = Release|Any CPU
		{73FFF97D-BE24-4982-9440-3E89D9BF2398}.Release|Any CPU.Build.0 = Release|Any CPU
		{1FC9DC2B-AC1E-415B-AC50-B05B2EB1CF09}.Debug|Any CPU.ActiveCfg = Debug|Any CPU
		{1FC9DC2B-AC1E-415B-AC50-B05B2EB1CF09}.Debug|Any CPU.Build.0 = Debug|Any CPU
		{1FC9DC2B-AC1E-415B-AC50-B05B2EB1CF09}.Release|Any CPU.ActiveCfg = Release|Any CPU
		{1FC9DC2B-AC1E-415B-AC50-B05B2EB1CF09}.Release|Any CPU.Build.0 = Release|Any CPU
		{68F0F678-EFAF-4A3D-94CD-6DA5B6CCBC5C}.Debug|Any CPU.ActiveCfg = Debug|Any CPU
		{68F0F678-EFAF-4A3D-94CD-6DA5B6CCBC5C}.Debug|Any CPU.Build.0 = Debug|Any CPU
		{68F0F678-EFAF-4A3D-94CD-6DA5B6CCBC5C}.Release|Any CPU.ActiveCfg = Release|Any CPU
		{68F0F678-EFAF-4A3D-94CD-6DA5B6CCBC5C}.Release|Any CPU.Build.0 = Release|Any CPU
	EndGlobalSection
	GlobalSection(SolutionProperties) = preSolution
		HideSolutionNode = FALSE
	EndGlobalSection
	GlobalSection(NestedProjects) = preSolution
		{E1E3B4C2-9B7B-4ADF-9F88-ABBAFA8B421B} = {6B63BC31-398E-451B-AAF9-693ECAADF404}
		{13ECF2CC-DE40-40A1-98B9-9C98EA5E8D91} = {E1E3B4C2-9B7B-4ADF-9F88-ABBAFA8B421B}
		{D999DF81-4226-48DC-A861-65924620EFFB} = {E1E3B4C2-9B7B-4ADF-9F88-ABBAFA8B421B}
		{596D60EE-143A-4238-82B0-340B43A45D08} = {E1E3B4C2-9B7B-4ADF-9F88-ABBAFA8B421B}
		{AB0D3D61-A015-465F-A0E8-A79578B43D56} = {6B63BC31-398E-451B-AAF9-693ECAADF404}
		{4F5CEE26-B63E-4DA2-934E-E495CD5E4B28} = {6B63BC31-398E-451B-AAF9-693ECAADF404}
		{93ADB87C-4552-4CAF-A0AB-502448AE0BAB} = {6B63BC31-398E-451B-AAF9-693ECAADF404}
		{D2CE56BE-99B5-4FB9-B06E-6DC53AF8121D} = {6B63BC31-398E-451B-AAF9-693ECAADF404}
		{C25A0D0C-C868-4634-B974-F6180A594B27} = {6B63BC31-398E-451B-AAF9-693ECAADF404}
		{16F68760-C997-4E9F-9168-7725B70F7081} = {6B63BC31-398E-451B-AAF9-693ECAADF404}
		{052C271D-1446-40AF-ADC8-7462A8A2D558} = {16F68760-C997-4E9F-9168-7725B70F7081}
		{73FFF97D-BE24-4982-9440-3E89D9BF2398} = {16F68760-C997-4E9F-9168-7725B70F7081}
		{63757D0C-BCAC-48EF-BFCA-54F2AC5DA901} = {6B63BC31-398E-451B-AAF9-693ECAADF404}
		{1FC9DC2B-AC1E-415B-AC50-B05B2EB1CF09} = {63757D0C-BCAC-48EF-BFCA-54F2AC5DA901}
		{68F0F678-EFAF-4A3D-94CD-6DA5B6CCBC5C} = {6B63BC31-398E-451B-AAF9-693ECAADF404}
	EndGlobalSection
	GlobalSection(ExtensibilityGlobals) = postSolution
		SolutionGuid = {70D6E407-A261-4234-9CF3-7E6EADC20DBA}
	EndGlobalSection
EndGlobal
